
Microsoft Visual Studio Solution File, Format Version 12.00
# Visual Studio Version 16
VisualStudioVersion = 16.0.809.0
MinimumVisualStudioVersion = 10.0.40219.1
Project("{FAE04EC0-301F-11D3-BF4B-00C04F79EFBC}") = "BookListMVC", "BookListMVC\BookListMVC.csproj", "{F315F7E4-3E7D-4394-AE09-C6A23BBB1B21}"
EndProject
Global
	GlobalSection(SolutionConfigurationPlatforms) = preSolution
		Debug|Any CPU = Debug|Any CPU
		Release|Any CPU = Release|Any CPU
	EndGlobalSection
	GlobalSection(ProjectConfigurationPlatforms) = postSolution
		{F315F7E4-3E7D-4394-AE09-C6A23BBB1B21}.Debug|Any CPU.ActiveCfg = Debug|Any CPU
		{F315F7E4-3E7D-4394-AE09-C6A23BBB1B21}.Debug|Any CPU.Build.0 = Debug|Any CPU
		{F315F7E4-3E7D-4394-AE09-C6A23BBB1B21}.Release|Any CPU.ActiveCfg = Release|Any CPU
		{F315F7E4-3E7D-4394-AE09-C6A23BBB1B21}.Release|Any CPU.Build.0 = Release|Any CPU
	EndGlobalSection
	GlobalSection(SolutionProperties) = preSolution
		HideSolutionNode = FALSE
	EndGlobalSection
	GlobalSection(ExtensibilityGlobals) = postSolution
		SolutionGuid = {8A0E3ECC-61E5-4554-A665-5FDBB917E9DC}
	EndGlobalSection
EndGlobal
